{
  "version": 4,
  "terraform_version": "1.9.0",
  "serial": 43,
  "lineage": "06fbdc28-d3f4-29df-06c3-f3f544ea8c03",
  "outputs": {
    "ansible_inventory": {
      "value": "[web]\r\nacmeVM1 ansible_host=20.169.169.4\r\n\r\n[db]\r\nacmeVM2 ansible_host=20.169.168.236\r\n\r\n[all:vars]\r\nansible_user=acmeadmin\r\nansible_ssh_private_key_file=./private_key.pem\r\n",
      "type": "string"
    },
    "private_key_path": {
      "value": "./private_key.pem",
      "type": "string"
    },
    "public_ips": {
      "value": [
        "20.169.169.4",
        "20.169.168.236"
      ],
      "type": [
        "tuple",
        [
          "string",
          "string"
        ]
      ]
    }
  },
  "resources": [
    {
      "mode": "managed",
      "type": "azapi_resource",
      "name": "ssh_public_key",
      "provider": "provider[\"registry.terraform.io/azure/azapi\"]",
      "instances": [
        {
          "schema_version": 1,
          "attributes": {
            "body": {
              "value": "{}",
              "type": "string"
            },
            "id": "/subscriptions/043dd45e-778f-4990-b251-f14279eef045/resourceGroups/acme-resources/providers/Microsoft.Compute/sshPublicKeys/sshsettlingparrot",
            "identity": [],
            "ignore_body_changes": null,
            "ignore_casing": false,
            "ignore_missing_property": true,
            "location": "eastus",
            "locks": null,
            "name": "sshsettlingparrot",
            "output": {
              "value": "{}",
              "type": "string"
            },
            "parent_id": "/subscriptions/043dd45e-778f-4990-b251-f14279eef045/resourceGroups/acme-resources",
            "removing_special_chars": false,
            "response_export_values": null,
            "schema_validation_enabled": true,
            "tags": null,
            "timeouts": null,
            "type": "Microsoft.Compute/sshPublicKeys@2022-11-01"
          },
          "sensitive_attributes": [],
          "dependencies": [
            "azurerm_resource_group.acme",
            "random_pet.ssh_key_name"
          ]
        }
      ]
    },
    {
      "mode": "managed",
      "type": "azapi_resource_action",
      "name": "ssh_public_key_gen",
      "provider": "provider[\"registry.terraform.io/azure/azapi\"]",
      "instances": [
        {
          "schema_version": 1,
          "attributes": {
            "action": "generateKeyPair",
            "body": null,
            "id": "/subscriptions/043dd45e-778f-4990-b251-f14279eef045/resourceGroups/acme-resources/providers/Microsoft.Compute/sshPublicKeys/sshsettlingparrot/generateKeyPair",
            "locks": null,
            "method": "POST",
            "output": {
              "value": {
                "privateKey": "-----BEGIN RSA PRIVATE KEY-----\r\nMIIG5AIBAAKCAYEA6VIGCQWkXNPPtn5vvoart1Q0y9nNTdVXFav+bGzU+O+wFn0W\r\nEOyh2L7Bs7AbMRD2sslz8RFQfc4VSgKr40jElVVTLI0rkVq+ijZ4J7lfW/Cxpon9\r\noof0QZXD6WQ8FF5FMrNonhc/eFHz2DMHhLz4PmAvIEo2s50d2sJKnVVaCwaEezCH\r\nYKLB9t3o3e5nfLkjmjFtLs7skPQYly/4FeCxPGGnnu2MzeZSrLK4gHp3ZleTfH2W\r\n39NLToK5WijFaJSH7UkG2OcFYkgIvSaKT2eB6o214G+2sqV00M73jzzTFK7nOmn4\r\nLQEPeO3gb64JEeI2RhQvvTA5aXsPLEqPPdDU5n5I9FNnKx3NPOJtkIivkmda9ZNQ\r\nap2N5zuwuwXfbWhSHBYzs3qdyFua8/fR76NsHPfVNAoF6DeNAKLibZQm8exlhukI\r\n90hUId/F9hvAPfecnSFLJ+AgV6EuetJpb3wTFnSFw9E9+0z9FmijvkarSuzQwiSv\r\na6iKlwrX0hSj1NrtAgMBAAECggGAJAHWkJngTbsaeS12DU83POmv5C3Os05TTDLo\r\n5s6851YGNNJFD4OVTp/RwOtSpvXZPKo+TFvBskiVnIBhCoh2Xh124o8+xAXfFfFm\r\nBatj/gpdQDhXfjfBCEYWn/QqGXKa90IcyRkJYIY1PY5SgLexD99EJpWNb5a1vsbx\r\nQOqlJMJyu5g3rEAx8uk4QNfD/MmNpwQtt2WTuKMTEHIEtUuhzpG7jplWe4gqBiDm\r\nvF0qBA9L4ZB4Mj6nhoxCEpnsLUGOlS5xrXD8B6gUa39Bfzwmv4TV70fUnFR/iWd2\r\n11nwPfOzR4T748btAVQ9zxyE1BClBcd/B3NTNKNxUNtF6LTUj2/mFVycJbRWYXs2\r\niQ6AT+YjV0ekJntS00tAdsR5ESci4SyD1W8KD73RXDzRHWoCk6la3OMOAaRpwbMe\r\nL5HwDqr7m7OiftJjCn00ea8QGmU528VBaoWz/hrcFZ2RaIG3xcX2KAOFiH9h6vSf\r\nDNH8Z4FMtPHmBcSzCTa2DmkgC3y5AoHBAPX1qdpn6MSzrEjgRoFhHefBhPfCPRzd\r\nA4oO1z717+xFDbgK37yx5bRelUJUJK80SI1+U9Z3yDxjSulDUtVdg+KtEScIs2hs\r\natxneZ98tbRmAzF2+NzDmNUmhIOvmJUNxGcP4Fo+Tu4dLlJF9s4qfNqcDQxpHA7p\r\n6rFi39JjhRFTnOqjIL7cEVs0Cy2hHPz2T+9OLBc2m8AM/Kvav45joEJD2hOxOlvl\r\nvOjzhnQgpWUOeP8aYHcJOBgFuqe0w1we8wKBwQDy2Eb534Lbigg6eKj8zzZOij5F\r\nOOSmAT6n6869TIRLF3R8VzaXN7R31aF0d8/RWrpHBmyBxPrfEQjzFG3d+mWcleZr\r\nRLDEDCYj5RvTWwOtjDh+71pI3Z6kR5loxZnGYKCh2pzNv1U2E6u002J9k93AgzQt\r\njbRsjf2uWSwzaO82uwxgjqWwuy93cJPh2lIElAyDupb/EVUc2O+H88pToGoidbjZ\r\nvsduenoU5Eg7ZBs5GZ3rRSiKjJJIgWlgDjXoVp8CgcEAgQQ48Yi575wzzhJeyXTw\r\n4+V94xxvRBmmxp9cRvlova3HMXf6vpcuX7uRXbaXe5PYTugqAADa9to6rDsVUzh3\r\nesq/iZMl0Ku2LiDVClS3V4Z/PE4k4mBzZbOLpSvRxLXxBQKt84hljL+f0aZDfQeK\r\ncH2U1qK4BhardhrgPxLW9Sy/zdB917/GFuooxumRNBvb+DIwLIkHj+kADQF0o7Mc\r\nmEXROa0oaJYMzsEXEQki2OyLiX0Dhs0+MFOpAlludH8DAoHBAJct2ymtYoqHqM21\r\n1gXkfbtxRojTfUx3E+l33HFuVCFnTaYmqR6EmD3N6cBW4jJD2BllP2GeHkuGEFs7\r\niZYaTu2nSBXZYm353jiUZbkzPNvqojUrjroz9ZHx3Ogjs7KS7w0zylAv371Vi5x7\r\nyCHDTtaNF4uQXxUBZD8I1oJ+vgUFdxQZWb7nGQqzM+zzfAHLpOrQ2zWZNbJKvvuU\r\n4o0jHU+sl9I+eWsmph+hafJHRMdMUkpn+HAgSOUIY3BgCGFGowKBwCJFYzkZoOYX\r\nqzMT8A0YS5ylXwZTa+qOtANxzfLs3Z80NdepI8+Z9ufZ/HszVHPuqyj15BEs5IFQ\r\nniv1FEXSJZqhHgEgs3U4jsmZxMA5H76Nc3o8NATClHy3PifnP90UBDiS8TDemTq6\r\nPHBnY8cabQmvuxRlUloFe9i5zyrOfpE0deA9IRm8KqmG31Vmn1y/CB1E+a3VKex9\r\nNfeTU9GkfxpbZg/ses9MIdS/GQq6vmt1/aemAg6y85nXpS9LvOwyUg==\r\n-----END RSA PRIVATE KEY-----\r\n",
                "publicKey": "ssh-rsa AAAAB3NzaC1yc2EAAAADAQABAAABgQDpUgYJBaRc08+2fm++hqu3VDTL2c1N1VcVq/5sbNT477AWfRYQ7KHYvsGzsBsxEPayyXPxEVB9zhVKAqvjSMSVVVMsjSuRWr6KNngnuV9b8LGmif2ih/RBlcPpZDwUXkUys2ieFz94UfPYMweEvPg+YC8gSjaznR3awkqdVVoLBoR7MIdgosH23ejd7md8uSOaMW0uzuyQ9BiXL/gV4LE8Yaee7YzN5lKssriAendmV5N8fZbf00tOgrlaKMVolIftSQbY5wViSAi9JopPZ4HqjbXgb7aypXTQzvePPNMUruc6afgtAQ947eBvrgkR4jZGFC+9MDlpew8sSo890NTmfkj0U2crHc084m2QiK+SZ1r1k1BqnY3nO7C7Bd9taFIcFjOzep3IW5rz99Hvo2wc99U0CgXoN40AouJtlCbx7GWG6Qj3SFQh38X2G8A995ydIUsn4CBXoS560mlvfBMWdIXD0T37TP0WaKO+RqtK7NDCJK9rqIqXCtfSFKPU2u0= generated-by-azure"
              },
              "type": [
                "object",
                {
                  "privateKey": "string",
                  "publicKey": "string"
                }
              ]
            },
            "resource_id": "/subscriptions/043dd45e-778f-4990-b251-f14279eef045/resourceGroups/acme-resources/providers/Microsoft.Compute/sshPublicKeys/sshsettlingparrot",
            "response_export_values": [
              "publicKey",
              "privateKey"
            ],
            "timeouts": null,
            "type": "Microsoft.Compute/sshPublicKeys@2022-11-01",
            "when": "apply"
          },
          "sensitive_attributes": [],
          "dependencies": [
            "azapi_resource.ssh_public_key",
            "azurerm_resource_group.acme",
            "random_pet.ssh_key_name"
          ]
        }
      ]
    },
    {
      "mode": "managed",
      "type": "azurerm_network_interface",
      "name": "acme_nic",
      "provider": "provider[\"registry.terraform.io/hashicorp/azurerm\"]",
      "instances": [
        {
          "index_key": 0,
          "schema_version": 0,
          "attributes": {
            "accelerated_networking_enabled": false,
            "applied_dns_servers": [],
            "auxiliary_mode": "",
            "auxiliary_sku": "",
            "dns_servers": [],
            "edge_zone": "",
            "enable_accelerated_networking": false,
            "enable_ip_forwarding": false,
            "id": "/subscriptions/043dd45e-778f-4990-b251-f14279eef045/resourceGroups/acme-resources/providers/Microsoft.Network/networkInterfaces/acme-nic-1",
            "internal_dns_name_label": "",
            "internal_domain_name_suffix": "gmrqjy5szboe3bjfbtzhfd5e5h.bx.internal.cloudapp.net",
            "ip_configuration": [
              {
                "gateway_load_balancer_frontend_ip_configuration_id": "",
                "name": "internal",
                "primary": true,
                "private_ip_address": "10.0.10.5",
                "private_ip_address_allocation": "Dynamic",
                "private_ip_address_version": "IPv4",
                "public_ip_address_id": "/subscriptions/043dd45e-778f-4990-b251-f14279eef045/resourceGroups/acme-resources/providers/Microsoft.Network/publicIPAddresses/acme-ip-1",
                "subnet_id": "/subscriptions/043dd45e-778f-4990-b251-f14279eef045/resourceGroups/acme-resources/providers/Microsoft.Network/virtualNetworks/acme-vnet/subnets/acme-subnet"
              }
            ],
            "ip_forwarding_enabled": false,
            "location": "eastus",
            "mac_address": "00-22-48-22-EA-AC",
            "name": "acme-nic-1",
            "private_ip_address": "10.0.10.5",
            "private_ip_addresses": [
              "10.0.10.5"
            ],
            "resource_group_name": "acme-resources",
            "tags": {},
            "timeouts": null,
            "virtual_machine_id": "/subscriptions/043dd45e-778f-4990-b251-f14279eef045/resourceGroups/acme-resources/providers/Microsoft.Compute/virtualMachines/acmeVM1"
          },
          "sensitive_attributes": [],
          "private": "eyJlMmJmYjczMC1lY2FhLTExZTYtOGY4OC0zNDM2M2JjN2M0YzAiOnsiY3JlYXRlIjoxODAwMDAwMDAwMDAwLCJkZWxldGUiOjE4MDAwMDAwMDAwMDAsInJlYWQiOjMwMDAwMDAwMDAwMCwidXBkYXRlIjoxODAwMDAwMDAwMDAwfX0=",
          "dependencies": [
            "azurerm_public_ip.acme_ip",
            "azurerm_resource_group.acme",
            "azurerm_subnet.acme_subnet",
            "azurerm_virtual_network.acme_vnet"
          ]
        },
        {
          "index_key": 1,
          "schema_version": 0,
          "attributes": {
            "accelerated_networking_enabled": false,
            "applied_dns_servers": [],
            "auxiliary_mode": "",
            "auxiliary_sku": "",
            "dns_servers": [],
            "edge_zone": "",
            "enable_accelerated_networking": false,
            "enable_ip_forwarding": false,
            "id": "/subscriptions/043dd45e-778f-4990-b251-f14279eef045/resourceGroups/acme-resources/providers/Microsoft.Network/networkInterfaces/acme-nic-2",
            "internal_dns_name_label": "",
            "internal_domain_name_suffix": "gmrqjy5szboe3bjfbtzhfd5e5h.bx.internal.cloudapp.net",
            "ip_configuration": [
              {
                "gateway_load_balancer_frontend_ip_configuration_id": "",
                "name": "internal",
                "primary": true,
                "private_ip_address": "10.0.10.4",
                "private_ip_address_allocation": "Dynamic",
                "private_ip_address_version": "IPv4",
                "public_ip_address_id": "/subscriptions/043dd45e-778f-4990-b251-f14279eef045/resourceGroups/acme-resources/providers/Microsoft.Network/publicIPAddresses/acme-ip-2",
                "subnet_id": "/subscriptions/043dd45e-778f-4990-b251-f14279eef045/resourceGroups/acme-resources/providers/Microsoft.Network/virtualNetworks/acme-vnet/subnets/acme-subnet"
              }
            ],
            "ip_forwarding_enabled": false,
            "location": "eastus",
            "mac_address": "00-0D-3A-8D-DC-6A",
            "name": "acme-nic-2",
            "private_ip_address": "10.0.10.4",
            "private_ip_addresses": [
              "10.0.10.4"
            ],
            "resource_group_name": "acme-resources",
            "tags": {},
            "timeouts": null,
            "virtual_machine_id": "/subscriptions/043dd45e-778f-4990-b251-f14279eef045/resourceGroups/acme-resources/providers/Microsoft.Compute/virtualMachines/acmeVM2"
          },
          "sensitive_attributes": [],
          "private": "eyJlMmJmYjczMC1lY2FhLTExZTYtOGY4OC0zNDM2M2JjN2M0YzAiOnsiY3JlYXRlIjoxODAwMDAwMDAwMDAwLCJkZWxldGUiOjE4MDAwMDAwMDAwMDAsInJlYWQiOjMwMDAwMDAwMDAwMCwidXBkYXRlIjoxODAwMDAwMDAwMDAwfX0=",
          "dependencies": [
            "azurerm_public_ip.acme_ip",
            "azurerm_resource_group.acme",
            "azurerm_subnet.acme_subnet",
            "azurerm_virtual_network.acme_vnet"
          ]
        }
      ]
    },
    {
      "mode": "managed",
      "type": "azurerm_network_interface_security_group_association",
      "name": "nic_association",
      "provider": "provider[\"registry.terraform.io/hashicorp/azurerm\"]",
      "instances": [
        {
          "index_key": 0,
          "schema_version": 0,
          "attributes": {
            "id": "/subscriptions/043dd45e-778f-4990-b251-f14279eef045/resourceGroups/acme-resources/providers/Microsoft.Network/networkInterfaces/acme-nic-1|/subscriptions/043dd45e-778f-4990-b251-f14279eef045/resourceGroups/acme-resources/providers/Microsoft.Network/networkSecurityGroups/acme-nsg",
            "network_interface_id": "/subscriptions/043dd45e-778f-4990-b251-f14279eef045/resourceGroups/acme-resources/providers/Microsoft.Network/networkInterfaces/acme-nic-1",
            "network_security_group_id": "/subscriptions/043dd45e-778f-4990-b251-f14279eef045/resourceGroups/acme-resources/providers/Microsoft.Network/networkSecurityGroups/acme-nsg",
            "timeouts": null
          },
          "sensitive_attributes": [],
          "private": "eyJlMmJmYjczMC1lY2FhLTExZTYtOGY4OC0zNDM2M2JjN2M0YzAiOnsiY3JlYXRlIjoxODAwMDAwMDAwMDAwLCJkZWxldGUiOjE4MDAwMDAwMDAwMDAsInJlYWQiOjMwMDAwMDAwMDAwMH19",
          "dependencies": [
            "azurerm_network_interface.acme_nic",
            "azurerm_network_security_group.acme_nsg",
            "azurerm_public_ip.acme_ip",
            "azurerm_resource_group.acme",
            "azurerm_subnet.acme_subnet",
            "azurerm_virtual_network.acme_vnet"
          ]
        },
        {
          "index_key": 1,
          "schema_version": 0,
          "attributes": {
            "id": "/subscriptions/043dd45e-778f-4990-b251-f14279eef045/resourceGroups/acme-resources/providers/Microsoft.Network/networkInterfaces/acme-nic-2|/subscriptions/043dd45e-778f-4990-b251-f14279eef045/resourceGroups/acme-resources/providers/Microsoft.Network/networkSecurityGroups/acme-nsg",
            "network_interface_id": "/subscriptions/043dd45e-778f-4990-b251-f14279eef045/resourceGroups/acme-resources/providers/Microsoft.Network/networkInterfaces/acme-nic-2",
            "network_security_group_id": "/subscriptions/043dd45e-778f-4990-b251-f14279eef045/resourceGroups/acme-resources/providers/Microsoft.Network/networkSecurityGroups/acme-nsg",
            "timeouts": null
          },
          "sensitive_attributes": [],
          "private": "eyJlMmJmYjczMC1lY2FhLTExZTYtOGY4OC0zNDM2M2JjN2M0YzAiOnsiY3JlYXRlIjoxODAwMDAwMDAwMDAwLCJkZWxldGUiOjE4MDAwMDAwMDAwMDAsInJlYWQiOjMwMDAwMDAwMDAwMH19",
          "dependencies": [
            "azurerm_network_interface.acme_nic",
            "azurerm_network_security_group.acme_nsg",
            "azurerm_public_ip.acme_ip",
            "azurerm_resource_group.acme",
            "azurerm_subnet.acme_subnet",
            "azurerm_virtual_network.acme_vnet"
          ]
        }
      ]
    },
    {
      "mode": "managed",
      "type": "azurerm_network_security_group",
      "name": "acme_nsg",
      "provider": "provider[\"registry.terraform.io/hashicorp/azurerm\"]",
      "instances": [
        {
          "schema_version": 0,
          "attributes": {
            "id": "/subscriptions/043dd45e-778f-4990-b251-f14279eef045/resourceGroups/acme-resources/providers/Microsoft.Network/networkSecurityGroups/acme-nsg",
            "location": "eastus",
            "name": "acme-nsg",
            "resource_group_name": "acme-resources",
            "security_rule": [
              {
                "access": "Allow",
                "description": "",
                "destination_address_prefix": "*",
                "destination_address_prefixes": [],
                "destination_application_security_group_ids": [],
                "destination_port_range": "22",
                "destination_port_ranges": [],
                "direction": "Inbound",
                "name": "SSH",
                "priority": 1001,
                "protocol": "Tcp",
                "source_address_prefix": "*",
                "source_address_prefixes": [],
                "source_application_security_group_ids": [],
                "source_port_range": "*",
                "source_port_ranges": []
              },
              {
                "access": "Allow",
                "description": "",
                "destination_address_prefix": "*",
                "destination_address_prefixes": [],
                "destination_application_security_group_ids": [],
                "destination_port_range": "80",
                "destination_port_ranges": [],
                "direction": "Inbound",
                "name": "HTTP",
                "priority": 1002,
                "protocol": "Tcp",
                "source_address_prefix": "*",
                "source_address_prefixes": [],
                "source_application_security_group_ids": [],
                "source_port_range": "*",
                "source_port_ranges": []
              }
            ],
            "tags": {},
            "timeouts": null
          },
          "sensitive_attributes": [],
          "private": "eyJlMmJmYjczMC1lY2FhLTExZTYtOGY4OC0zNDM2M2JjN2M0YzAiOnsiY3JlYXRlIjoxODAwMDAwMDAwMDAwLCJkZWxldGUiOjE4MDAwMDAwMDAwMDAsInJlYWQiOjMwMDAwMDAwMDAwMCwidXBkYXRlIjoxODAwMDAwMDAwMDAwfX0=",
          "dependencies": [
            "azurerm_resource_group.acme"
          ]
        }
      ]
    },
    {
      "mode": "managed",
      "type": "azurerm_public_ip",
      "name": "acme_ip",
      "provider": "provider[\"registry.terraform.io/hashicorp/azurerm\"]",
      "instances": [
        {
          "index_key": 0,
          "schema_version": 0,
          "attributes": {
            "allocation_method": "Dynamic",
            "ddos_protection_mode": "VirtualNetworkInherited",
            "ddos_protection_plan_id": null,
            "domain_name_label": null,
            "edge_zone": "",
            "fqdn": null,
            "id": "/subscriptions/043dd45e-778f-4990-b251-f14279eef045/resourceGroups/acme-resources/providers/Microsoft.Network/publicIPAddresses/acme-ip-1",
            "idle_timeout_in_minutes": 4,
            "ip_address": "20.169.169.4",
            "ip_tags": {},
            "ip_version": "IPv4",
            "location": "eastus",
            "name": "acme-ip-1",
            "public_ip_prefix_id": null,
            "resource_group_name": "acme-resources",
            "reverse_fqdn": null,
            "sku": "Basic",
            "sku_tier": "Regional",
            "tags": {},
            "timeouts": null,
            "zones": []
          },
          "sensitive_attributes": [],
          "private": "eyJlMmJmYjczMC1lY2FhLTExZTYtOGY4OC0zNDM2M2JjN2M0YzAiOnsiY3JlYXRlIjoxODAwMDAwMDAwMDAwLCJkZWxldGUiOjE4MDAwMDAwMDAwMDAsInJlYWQiOjMwMDAwMDAwMDAwMCwidXBkYXRlIjoxODAwMDAwMDAwMDAwfX0=",
          "dependencies": [
            "azurerm_resource_group.acme"
          ]
        },
        {
          "index_key": 1,
          "schema_version": 0,
          "attributes": {
            "allocation_method": "Dynamic",
            "ddos_protection_mode": "VirtualNetworkInherited",
            "ddos_protection_plan_id": null,
            "domain_name_label": null,
            "edge_zone": "",
            "fqdn": null,
            "id": "/subscriptions/043dd45e-778f-4990-b251-f14279eef045/resourceGroups/acme-resources/providers/Microsoft.Network/publicIPAddresses/acme-ip-2",
            "idle_timeout_in_minutes": 4,
            "ip_address": "20.169.168.236",
            "ip_tags": {},
            "ip_version": "IPv4",
            "location": "eastus",
            "name": "acme-ip-2",
            "public_ip_prefix_id": null,
            "resource_group_name": "acme-resources",
            "reverse_fqdn": null,
            "sku": "Basic",
            "sku_tier": "Regional",
            "tags": {},
            "timeouts": null,
            "zones": []
          },
          "sensitive_attributes": [],
          "private": "eyJlMmJmYjczMC1lY2FhLTExZTYtOGY4OC0zNDM2M2JjN2M0YzAiOnsiY3JlYXRlIjoxODAwMDAwMDAwMDAwLCJkZWxldGUiOjE4MDAwMDAwMDAwMDAsInJlYWQiOjMwMDAwMDAwMDAwMCwidXBkYXRlIjoxODAwMDAwMDAwMDAwfX0=",
          "dependencies": [
            "azurerm_resource_group.acme"
          ]
        }
      ]
    },
    {
      "mode": "managed",
      "type": "azurerm_resource_group",
      "name": "acme",
      "provider": "provider[\"registry.terraform.io/hashicorp/azurerm\"]",
      "instances": [
        {
          "schema_version": 0,
          "attributes": {
            "id": "/subscriptions/043dd45e-778f-4990-b251-f14279eef045/resourceGroups/acme-resources",
            "location": "eastus",
            "managed_by": "",
            "name": "acme-resources",
            "tags": {},
            "timeouts": null
          },
          "sensitive_attributes": [],
          "private": "eyJlMmJmYjczMC1lY2FhLTExZTYtOGY4OC0zNDM2M2JjN2M0YzAiOnsiY3JlYXRlIjo1NDAwMDAwMDAwMDAwLCJkZWxldGUiOjU0MDAwMDAwMDAwMDAsInJlYWQiOjMwMDAwMDAwMDAwMCwidXBkYXRlIjo1NDAwMDAwMDAwMDAwfX0="
        }
      ]
    },
    {
      "mode": "managed",
      "type": "azurerm_subnet",
      "name": "acme_subnet",
      "provider": "provider[\"registry.terraform.io/hashicorp/azurerm\"]",
      "instances": [
        {
          "schema_version": 0,
          "attributes": {
            "address_prefixes": [
              "10.0.10.0/24"
            ],
            "default_outbound_access_enabled": true,
            "delegation": [],
            "enforce_private_link_endpoint_network_policies": false,
            "enforce_private_link_service_network_policies": false,
            "id": "/subscriptions/043dd45e-778f-4990-b251-f14279eef045/resourceGroups/acme-resources/providers/Microsoft.Network/virtualNetworks/acme-vnet/subnets/acme-subnet",
            "name": "acme-subnet",
            "private_endpoint_network_policies": "Enabled",
            "private_endpoint_network_policies_enabled": true,
            "private_link_service_network_policies_enabled": true,
            "resource_group_name": "acme-resources",
            "service_endpoint_policy_ids": [],
            "service_endpoints": [],
            "timeouts": null,
            "virtual_network_name": "acme-vnet"
          },
          "sensitive_attributes": [],
          "private": "eyJlMmJmYjczMC1lY2FhLTExZTYtOGY4OC0zNDM2M2JjN2M0YzAiOnsiY3JlYXRlIjoxODAwMDAwMDAwMDAwLCJkZWxldGUiOjE4MDAwMDAwMDAwMDAsInJlYWQiOjMwMDAwMDAwMDAwMCwidXBkYXRlIjoxODAwMDAwMDAwMDAwfX0=",
          "dependencies": [
            "azurerm_resource_group.acme",
            "azurerm_virtual_network.acme_vnet"
          ]
        }
      ]
    },
    {
      "mode": "managed",
      "type": "azurerm_virtual_machine",
      "name": "acme_vm",
      "provider": "provider[\"registry.terraform.io/hashicorp/azurerm\"]",
      "instances": [
        {
          "index_key": 0,
          "schema_version": 0,
          "attributes": {
            "additional_capabilities": [],
            "availability_set_id": null,
            "boot_diagnostics": [],
            "delete_data_disks_on_termination": false,
            "delete_os_disk_on_termination": false,
            "id": "/subscriptions/043dd45e-778f-4990-b251-f14279eef045/resourceGroups/acme-resources/providers/Microsoft.Compute/virtualMachines/acmeVM1",
            "identity": [],
            "license_type": null,
            "location": "eastus",
            "name": "acmeVM1",
            "network_interface_ids": [
              "/subscriptions/043dd45e-778f-4990-b251-f14279eef045/resourceGroups/acme-resources/providers/Microsoft.Network/networkInterfaces/acme-nic-1"
            ],
            "os_profile": [
              {
                "admin_password": "",
                "admin_username": "acmeadmin",
                "computer_name": "acmeVM1",
                "custom_data": ""
              }
            ],
            "os_profile_linux_config": [
              {
                "disable_password_authentication": true,
                "ssh_keys": [
                  {
                    "key_data": "ssh-rsa AAAAB3NzaC1yc2EAAAADAQABAAABgQDpUgYJBaRc08+2fm++hqu3VDTL2c1N1VcVq/5sbNT477AWfRYQ7KHYvsGzsBsxEPayyXPxEVB9zhVKAqvjSMSVVVMsjSuRWr6KNngnuV9b8LGmif2ih/RBlcPpZDwUXkUys2ieFz94UfPYMweEvPg+YC8gSjaznR3awkqdVVoLBoR7MIdgosH23ejd7md8uSOaMW0uzuyQ9BiXL/gV4LE8Yaee7YzN5lKssriAendmV5N8fZbf00tOgrlaKMVolIftSQbY5wViSAi9JopPZ4HqjbXgb7aypXTQzvePPNMUruc6afgtAQ947eBvrgkR4jZGFC+9MDlpew8sSo890NTmfkj0U2crHc084m2QiK+SZ1r1k1BqnY3nO7C7Bd9taFIcFjOzep3IW5rz99Hvo2wc99U0CgXoN40AouJtlCbx7GWG6Qj3SFQh38X2G8A995ydIUsn4CBXoS560mlvfBMWdIXD0T37TP0WaKO+RqtK7NDCJK9rqIqXCtfSFKPU2u0= generated-by-azure",
                    "path": "/home/acmeadmin/.ssh/authorized_keys"
                  }
                ]
              }
            ],
            "os_profile_secrets": [],
            "os_profile_windows_config": [],
            "plan": [],
            "primary_network_interface_id": null,
            "proximity_placement_group_id": null,
            "resource_group_name": "acme-resources",
            "storage_data_disk": [],
            "storage_image_reference": [
              {
                "id": "",
                "offer": "UbuntuServer",
                "publisher": "Canonical",
                "sku": "18.04-LTS",
                "version": "latest"
              }
            ],
            "storage_os_disk": [
              {
                "caching": "ReadWrite",
                "create_option": "FromImage",
                "disk_size_gb": 30,
                "image_uri": "",
                "managed_disk_id": "/subscriptions/043dd45e-778f-4990-b251-f14279eef045/resourceGroups/acme-resources/providers/Microsoft.Compute/disks/osdisk-acmeVM1",
                "managed_disk_type": "Standard_LRS",
                "name": "osdisk-acmeVM1",
                "os_type": "Linux",
                "vhd_uri": "",
                "write_accelerator_enabled": false
              }
            ],
            "tags": {},
            "timeouts": null,
            "vm_size": "Standard_DS1_v2",
            "zones": []
          },
          "sensitive_attributes": [
            [
              {
                "type": "get_attr",
                "value": "os_profile"
              }
            ]
          ],
          "private": "eyJlMmJmYjczMC1lY2FhLTExZTYtOGY4OC0zNDM2M2JjN2M0YzAiOnsiY3JlYXRlIjozNjAwMDAwMDAwMDAwLCJkZWxldGUiOjM2MDAwMDAwMDAwMDAsInJlYWQiOjMwMDAwMDAwMDAwMCwidXBkYXRlIjozNjAwMDAwMDAwMDAwfX0=",
          "dependencies": [
            "azapi_resource.ssh_public_key",
            "azapi_resource_action.ssh_public_key_gen",
            "azurerm_network_interface.acme_nic",
            "azurerm_public_ip.acme_ip",
            "azurerm_resource_group.acme",
            "azurerm_subnet.acme_subnet",
            "azurerm_virtual_network.acme_vnet",
            "random_pet.ssh_key_name"
          ]
        },
        {
          "index_key": 1,
          "schema_version": 0,
          "attributes": {
            "additional_capabilities": [],
            "availability_set_id": null,
            "boot_diagnostics": [],
            "delete_data_disks_on_termination": false,
            "delete_os_disk_on_termination": false,
            "id": "/subscriptions/043dd45e-778f-4990-b251-f14279eef045/resourceGroups/acme-resources/providers/Microsoft.Compute/virtualMachines/acmeVM2",
            "identity": [],
            "license_type": null,
            "location": "eastus",
            "name": "acmeVM2",
            "network_interface_ids": [
              "/subscriptions/043dd45e-778f-4990-b251-f14279eef045/resourceGroups/acme-resources/providers/Microsoft.Network/networkInterfaces/acme-nic-2"
            ],
            "os_profile": [
              {
                "admin_password": "",
                "admin_username": "acmeadmin",
                "computer_name": "acmeVM2",
                "custom_data": ""
              }
            ],
            "os_profile_linux_config": [
              {
                "disable_password_authentication": true,
                "ssh_keys": [
                  {
                    "key_data": "ssh-rsa AAAAB3NzaC1yc2EAAAADAQABAAABgQDpUgYJBaRc08+2fm++hqu3VDTL2c1N1VcVq/5sbNT477AWfRYQ7KHYvsGzsBsxEPayyXPxEVB9zhVKAqvjSMSVVVMsjSuRWr6KNngnuV9b8LGmif2ih/RBlcPpZDwUXkUys2ieFz94UfPYMweEvPg+YC8gSjaznR3awkqdVVoLBoR7MIdgosH23ejd7md8uSOaMW0uzuyQ9BiXL/gV4LE8Yaee7YzN5lKssriAendmV5N8fZbf00tOgrlaKMVolIftSQbY5wViSAi9JopPZ4HqjbXgb7aypXTQzvePPNMUruc6afgtAQ947eBvrgkR4jZGFC+9MDlpew8sSo890NTmfkj0U2crHc084m2QiK+SZ1r1k1BqnY3nO7C7Bd9taFIcFjOzep3IW5rz99Hvo2wc99U0CgXoN40AouJtlCbx7GWG6Qj3SFQh38X2G8A995ydIUsn4CBXoS560mlvfBMWdIXD0T37TP0WaKO+RqtK7NDCJK9rqIqXCtfSFKPU2u0= generated-by-azure",
                    "path": "/home/acmeadmin/.ssh/authorized_keys"
                  }
                ]
              }
            ],
            "os_profile_secrets": [],
            "os_profile_windows_config": [],
            "plan": [],
            "primary_network_interface_id": null,
            "proximity_placement_group_id": null,
            "resource_group_name": "acme-resources",
            "storage_data_disk": [],
            "storage_image_reference": [
              {
                "id": "",
                "offer": "UbuntuServer",
                "publisher": "Canonical",
                "sku": "18.04-LTS",
                "version": "latest"
              }
            ],
            "storage_os_disk": [
              {
                "caching": "ReadWrite",
                "create_option": "FromImage",
                "disk_size_gb": 30,
                "image_uri": "",
                "managed_disk_id": "/subscriptions/043dd45e-778f-4990-b251-f14279eef045/resourceGroups/acme-resources/providers/Microsoft.Compute/disks/osdisk-acmeVM2",
                "managed_disk_type": "Standard_LRS",
                "name": "osdisk-acmeVM2",
                "os_type": "Linux",
                "vhd_uri": "",
                "write_accelerator_enabled": false
              }
            ],
            "tags": {},
            "timeouts": null,
            "vm_size": "Standard_DS1_v2",
            "zones": []
          },
          "sensitive_attributes": [
            [
              {
                "type": "get_attr",
                "value": "os_profile"
              }
            ]
          ],
          "private": "eyJlMmJmYjczMC1lY2FhLTExZTYtOGY4OC0zNDM2M2JjN2M0YzAiOnsiY3JlYXRlIjozNjAwMDAwMDAwMDAwLCJkZWxldGUiOjM2MDAwMDAwMDAwMDAsInJlYWQiOjMwMDAwMDAwMDAwMCwidXBkYXRlIjozNjAwMDAwMDAwMDAwfX0=",
          "dependencies": [
            "azapi_resource.ssh_public_key",
            "azapi_resource_action.ssh_public_key_gen",
            "azurerm_network_interface.acme_nic",
            "azurerm_public_ip.acme_ip",
            "azurerm_resource_group.acme",
            "azurerm_subnet.acme_subnet",
            "azurerm_virtual_network.acme_vnet",
            "random_pet.ssh_key_name"
          ]
        }
      ]
    },
    {
      "mode": "managed",
      "type": "azurerm_virtual_network",
      "name": "acme_vnet",
      "provider": "provider[\"registry.terraform.io/hashicorp/azurerm\"]",
      "instances": [
        {
          "schema_version": 0,
          "attributes": {
            "address_space": [
              "10.0.0.0/16"
            ],
            "bgp_community": "",
            "ddos_protection_plan": [],
            "dns_servers": [],
            "edge_zone": "",
            "encryption": [],
            "flow_timeout_in_minutes": 0,
            "guid": "e3042333-c8f2-4e5c-8525-0cf2728fe4ff",
            "id": "/subscriptions/043dd45e-778f-4990-b251-f14279eef045/resourceGroups/acme-resources/providers/Microsoft.Network/virtualNetworks/acme-vnet",
            "location": "eastus",
            "name": "acme-vnet",
            "resource_group_name": "acme-resources",
            "subnet": [
              {
                "address_prefix": "10.0.10.0/24",
                "id": "/subscriptions/043dd45e-778f-4990-b251-f14279eef045/resourceGroups/acme-resources/providers/Microsoft.Network/virtualNetworks/acme-vnet/subnets/acme-subnet",
                "name": "acme-subnet",
                "security_group": ""
              }
            ],
            "tags": {},
            "timeouts": null
          },
          "sensitive_attributes": [],
          "private": "eyJlMmJmYjczMC1lY2FhLTExZTYtOGY4OC0zNDM2M2JjN2M0YzAiOnsiY3JlYXRlIjoxODAwMDAwMDAwMDAwLCJkZWxldGUiOjE4MDAwMDAwMDAwMDAsInJlYWQiOjMwMDAwMDAwMDAwMCwidXBkYXRlIjoxODAwMDAwMDAwMDAwfX0=",
          "dependencies": [
            "azurerm_resource_group.acme"
          ]
        }
      ]
    },
    {
      "mode": "managed",
      "type": "local_file",
      "name": "private_key",
      "provider": "provider[\"registry.terraform.io/hashicorp/local\"]",
      "instances": [
        {
          "schema_version": 0,
          "attributes": {
            "content": "-----BEGIN RSA PRIVATE KEY-----\r\nMIIG5AIBAAKCAYEA6VIGCQWkXNPPtn5vvoart1Q0y9nNTdVXFav+bGzU+O+wFn0W\r\nEOyh2L7Bs7AbMRD2sslz8RFQfc4VSgKr40jElVVTLI0rkVq+ijZ4J7lfW/Cxpon9\r\noof0QZXD6WQ8FF5FMrNonhc/eFHz2DMHhLz4PmAvIEo2s50d2sJKnVVaCwaEezCH\r\nYKLB9t3o3e5nfLkjmjFtLs7skPQYly/4FeCxPGGnnu2MzeZSrLK4gHp3ZleTfH2W\r\n39NLToK5WijFaJSH7UkG2OcFYkgIvSaKT2eB6o214G+2sqV00M73jzzTFK7nOmn4\r\nLQEPeO3gb64JEeI2RhQvvTA5aXsPLEqPPdDU5n5I9FNnKx3NPOJtkIivkmda9ZNQ\r\nap2N5zuwuwXfbWhSHBYzs3qdyFua8/fR76NsHPfVNAoF6DeNAKLibZQm8exlhukI\r\n90hUId/F9hvAPfecnSFLJ+AgV6EuetJpb3wTFnSFw9E9+0z9FmijvkarSuzQwiSv\r\na6iKlwrX0hSj1NrtAgMBAAECggGAJAHWkJngTbsaeS12DU83POmv5C3Os05TTDLo\r\n5s6851YGNNJFD4OVTp/RwOtSpvXZPKo+TFvBskiVnIBhCoh2Xh124o8+xAXfFfFm\r\nBatj/gpdQDhXfjfBCEYWn/QqGXKa90IcyRkJYIY1PY5SgLexD99EJpWNb5a1vsbx\r\nQOqlJMJyu5g3rEAx8uk4QNfD/MmNpwQtt2WTuKMTEHIEtUuhzpG7jplWe4gqBiDm\r\nvF0qBA9L4ZB4Mj6nhoxCEpnsLUGOlS5xrXD8B6gUa39Bfzwmv4TV70fUnFR/iWd2\r\n11nwPfOzR4T748btAVQ9zxyE1BClBcd/B3NTNKNxUNtF6LTUj2/mFVycJbRWYXs2\r\niQ6AT+YjV0ekJntS00tAdsR5ESci4SyD1W8KD73RXDzRHWoCk6la3OMOAaRpwbMe\r\nL5HwDqr7m7OiftJjCn00ea8QGmU528VBaoWz/hrcFZ2RaIG3xcX2KAOFiH9h6vSf\r\nDNH8Z4FMtPHmBcSzCTa2DmkgC3y5AoHBAPX1qdpn6MSzrEjgRoFhHefBhPfCPRzd\r\nA4oO1z717+xFDbgK37yx5bRelUJUJK80SI1+U9Z3yDxjSulDUtVdg+KtEScIs2hs\r\natxneZ98tbRmAzF2+NzDmNUmhIOvmJUNxGcP4Fo+Tu4dLlJF9s4qfNqcDQxpHA7p\r\n6rFi39JjhRFTnOqjIL7cEVs0Cy2hHPz2T+9OLBc2m8AM/Kvav45joEJD2hOxOlvl\r\nvOjzhnQgpWUOeP8aYHcJOBgFuqe0w1we8wKBwQDy2Eb534Lbigg6eKj8zzZOij5F\r\nOOSmAT6n6869TIRLF3R8VzaXN7R31aF0d8/RWrpHBmyBxPrfEQjzFG3d+mWcleZr\r\nRLDEDCYj5RvTWwOtjDh+71pI3Z6kR5loxZnGYKCh2pzNv1U2E6u002J9k93AgzQt\r\njbRsjf2uWSwzaO82uwxgjqWwuy93cJPh2lIElAyDupb/EVUc2O+H88pToGoidbjZ\r\nvsduenoU5Eg7ZBs5GZ3rRSiKjJJIgWlgDjXoVp8CgcEAgQQ48Yi575wzzhJeyXTw\r\n4+V94xxvRBmmxp9cRvlova3HMXf6vpcuX7uRXbaXe5PYTugqAADa9to6rDsVUzh3\r\nesq/iZMl0Ku2LiDVClS3V4Z/PE4k4mBzZbOLpSvRxLXxBQKt84hljL+f0aZDfQeK\r\ncH2U1qK4BhardhrgPxLW9Sy/zdB917/GFuooxumRNBvb+DIwLIkHj+kADQF0o7Mc\r\nmEXROa0oaJYMzsEXEQki2OyLiX0Dhs0+MFOpAlludH8DAoHBAJct2ymtYoqHqM21\r\n1gXkfbtxRojTfUx3E+l33HFuVCFnTaYmqR6EmD3N6cBW4jJD2BllP2GeHkuGEFs7\r\niZYaTu2nSBXZYm353jiUZbkzPNvqojUrjroz9ZHx3Ogjs7KS7w0zylAv371Vi5x7\r\nyCHDTtaNF4uQXxUBZD8I1oJ+vgUFdxQZWb7nGQqzM+zzfAHLpOrQ2zWZNbJKvvuU\r\n4o0jHU+sl9I+eWsmph+hafJHRMdMUkpn+HAgSOUIY3BgCGFGowKBwCJFYzkZoOYX\r\nqzMT8A0YS5ylXwZTa+qOtANxzfLs3Z80NdepI8+Z9ufZ/HszVHPuqyj15BEs5IFQ\r\nniv1FEXSJZqhHgEgs3U4jsmZxMA5H76Nc3o8NATClHy3PifnP90UBDiS8TDemTq6\r\nPHBnY8cabQmvuxRlUloFe9i5zyrOfpE0deA9IRm8KqmG31Vmn1y/CB1E+a3VKex9\r\nNfeTU9GkfxpbZg/ses9MIdS/GQq6vmt1/aemAg6y85nXpS9LvOwyUg==\r\n-----END RSA PRIVATE KEY-----\r\n",
            "content_base64": null,
            "content_base64sha256": "m6W7nC+qwtLgQgMz7hhlmORVcNg+hor3SpnIJOSqonE=",
            "content_base64sha512": "W5JfiNjvj+EPJT1trXXRhzxHSgX4waDXohcBacsPvEhThEXo6qYCWhwHyLSqOv+c9HWyEDLF1f/AFks38O6+ew==",
            "content_md5": "51b1a2f7b45b27937ddf3b7e1950cb29",
            "content_sha1": "3a1e1707bd9c9a0a7f1b4646f5765801d808024a",
            "content_sha256": "9ba5bb9c2faac2d2e0420333ee186598e45570d83e868af74a99c824e4aaa271",
            "content_sha512": "5b925f88d8ef8fe10f253d6dad75d1873c474a05f8c1a0d7a2170169cb0fbc48538445e8eaa6025a1c07c8b4aa3aff9cf475b21032c5d5ffc0164b37f0eebe7b",
            "directory_permission": "0777",
            "file_permission": "0777",
            "filename": "./private_key.pem",
            "id": "3a1e1707bd9c9a0a7f1b4646f5765801d808024a",
            "sensitive_content": null,
            "source": null
          },
          "sensitive_attributes": [
            [
              {
                "type": "get_attr",
                "value": "sensitive_content"
              }
            ]
          ],
          "dependencies": [
            "azapi_resource.ssh_public_key",
            "azapi_resource_action.ssh_public_key_gen",
            "azurerm_resource_group.acme",
            "random_pet.ssh_key_name"
          ]
        }
      ]
    },
    {
      "mode": "managed",
      "type": "random_pet",
      "name": "ssh_key_name",
      "provider": "provider[\"registry.terraform.io/hashicorp/random\"]",
      "instances": [
        {
          "schema_version": 0,
          "attributes": {
            "id": "sshsettlingparrot",
            "keepers": null,
            "length": 2,
            "prefix": "ssh",
            "separator": ""
          },
          "sensitive_attributes": []
        }
      ]
    }
  ],
  "check_results": null
}
